
Microsoft Visual Studio Solution File, Format Version 12.00
# Visual Studio 15
VisualStudioVersion = 15.0.27004.2009
MinimumVisualStudioVersion = 10.0.40219.1
Project("{FAE04EC0-301F-11D3-BF4B-00C04F79EFBC}") = "ProyectoWF", "ProyectoWF\ProyectoWF.csproj", "{634C2C3B-2A0A-46C1-B294-E72D430DBC00}"
EndProject
Global
	GlobalSection(SolutionConfigurationPlatforms) = preSolution
		Debug|Any CPU = Debug|Any CPU
		Release|Any CPU = Release|Any CPU
	EndGlobalSection
	GlobalSection(ProjectConfigurationPlatforms) = postSolution
		{634C2C3B-2A0A-46C1-B294-E72D430DBC00}.Debug|Any CPU.ActiveCfg = Debug|Any CPU
		{634C2C3B-2A0A-46C1-B294-E72D430DBC00}.Debug|Any CPU.Build.0 = Debug|Any CPU
		{634C2C3B-2A0A-46C1-B294-E72D430DBC00}.Release|Any CPU.ActiveCfg = Release|Any CPU
		{634C2C3B-2A0A-46C1-B294-E72D430DBC00}.Release|Any CPU.Build.0 = Release|Any CPU
	EndGlobalSection
	GlobalSection(SolutionProperties) = preSolution
		HideSolutionNode = FALSE
	EndGlobalSection
	GlobalSection(ExtensibilityGlobals) = postSolution
		SolutionGuid = {AC6E0DC6-3172-476F-9C70-94A175C3F434}
	EndGlobalSection
EndGlobal
